// !$*UTF8*$!
{
	archiveVersion = 1;
	classes = {
	};
	objectVersion = 48;
	objects = {

/* Begin PBXBuildFile section */
		837B32611FD3EB5400BF054F /* AppDelegate.swift in Sources */ = {isa = PBXBuildFile; fileRef = 837B32601FD3EB5400BF054F /* AppDelegate.swift */; };
		837B32631FD3EB5400BF054F /* ViewController.swift in Sources */ = {isa = PBXBuildFile; fileRef = 837B32621FD3EB5400BF054F /* ViewController.swift */; };
		837B32661FD3EB5400BF054F /* Main.storyboard in Resources */ = {isa = PBXBuildFile; fileRef = 837B32641FD3EB5400BF054F /* Main.storyboard */; };
		837B32681FD3EB5400BF054F /* Assets.xcassets in Resources */ = {isa = PBXBuildFile; fileRef = 837B32671FD3EB5400BF054F /* Assets.xcassets */; };
		837B326B1FD3EB5400BF054F /* LaunchScreen.storyboard in Resources */ = {isa = PBXBuildFile; fileRef = 837B32691FD3EB5400BF054F /* LaunchScreen.storyboard */; };
		837B32781FD40A2E00BF054F /* Pokemon.swift in Sources */ = {isa = PBXBuildFile; fileRef = 837B32771FD40A2E00BF054F /* Pokemon.swift */; };
		837B327A1FD4211400BF054F /* PokeCell.swift in Sources */ = {isa = PBXBuildFile; fileRef = 837B32791FD4211400BF054F /* PokeCell.swift */; };
		837B327C1FD48E4300BF054F /* csv.swift in Sources */ = {isa = PBXBuildFile; fileRef = 837B327B1FD48E4300BF054F /* csv.swift */; };
		837B327D1FD586D400BF054F /* pokemon.csv in Resources */ = {isa = PBXBuildFile; fileRef = 837B32721FD3ECB700BF054F /* pokemon.csv */; };
/* End PBXBuildFile section */

/* Begin PBXFileReference section */
		837B325D1FD3EB5400BF054F /* PokeDex.app */ = {isa = PBXFileReference; explicitFileType = wrapper.application; includeInIndex = 0; path = PokeDex.app; sourceTree = BUILT_PRODUCTS_DIR; };
		837B32601FD3EB5400BF054F /* AppDelegate.swift */ = {isa = PBXFileReference; lastKnownFileType = sourcecode.swift; path = AppDelegate.swift; sourceTree = "<group>"; };
		837B32621FD3EB5400BF054F /* ViewController.swift */ = {isa = PBXFileReference; lastKnownFileType = sourcecode.swift; path = ViewController.swift; sourceTree = "<group>"; };
		837B32651FD3EB5400BF054F /* Base */ = {isa = PBXFileReference; lastKnownFileType = file.storyboard; name = Base; path = Base.lproj/Main.storyboard; sourceTree = "<group>"; };
		837B32671FD3EB5400BF054F /* Assets.xcassets */ = {isa = PBXFileReference; lastKnownFileType = folder.assetcatalog; path = Assets.xcassets; sourceTree = "<group>"; };
		837B326A1FD3EB5400BF054F /* Base */ = {isa = PBXFileReference; lastKnownFileType = file.storyboard; name = Base; path = Base.lproj/LaunchScreen.storyboard; sourceTree = "<group>"; };
		837B326C1FD3EB5400BF054F /* Info.plist */ = {isa = PBXFileReference; lastKnownFileType = text.plist.xml; path = Info.plist; sourceTree = "<group>"; };
		837B32721FD3ECB700BF054F /* pokemon.csv */ = {isa = PBXFileReference; lastKnownFileType = text; path = pokemon.csv; sourceTree = "<group>"; };
		837B32771FD40A2E00BF054F /* Pokemon.swift */ = {isa = PBXFileReference; lastKnownFileType = sourcecode.swift; path = Pokemon.swift; sourceTree = "<group>"; };
		837B32791FD4211400BF054F /* PokeCell.swift */ = {isa = PBXFileReference; lastKnownFileType = sourcecode.swift; path = PokeCell.swift; sourceTree = "<group>"; };
		837B327B1FD48E4300BF054F /* csv.swift */ = {isa = PBXFileReference; lastKnownFileType = sourcecode.swift; path = csv.swift; sourceTree = "<group>"; };
/* End PBXFileReference section */

/* Begin PBXFrameworksBuildPhase section */
		837B325A1FD3EB5400BF054F /* Frameworks */ = {
			isa = PBXFrameworksBuildPhase;
			buildActionMask = 2147483647;
			files = (
			);
			runOnlyForDeploymentPostprocessing = 0;
		};
/* End PBXFrameworksBuildPhase section */

/* Begin PBXGroup section */
		837B32541FD3EB5400BF054F = {
			isa = PBXGroup;
			children = (
				837B325F1FD3EB5400BF054F /* PokeDex */,
				837B325E1FD3EB5400BF054F /* Products */,
			);
			sourceTree = "<group>";
		};
		837B325E1FD3EB5400BF054F /* Products */ = {
			isa = PBXGroup;
			children = (
				837B325D1FD3EB5400BF054F /* PokeDex.app */,
			);
			name = Products;
			sourceTree = "<group>";
		};
		837B325F1FD3EB5400BF054F /* PokeDex */ = {
			isa = PBXGroup;
			children = (
				837B32761FD3ED2A00BF054F /* Supporting Files */,
				837B32751FD3ED2100BF054F /* Model */,
				837B32741FD3ED1B00BF054F /* View */,
				837B32731FD3ED1200BF054F /* Controller */,
				837B32641FD3EB5400BF054F /* Main.storyboard */,
				837B326C1FD3EB5400BF054F /* Info.plist */,
			);
			path = PokeDex;
			sourceTree = "<group>";
		};
		837B32731FD3ED1200BF054F /* Controller */ = {
			isa = PBXGroup;
			children = (
				837B32621FD3EB5400BF054F /* ViewController.swift */,
			);
			path = Controller;
			sourceTree = "<group>";
		};
		837B32741FD3ED1B00BF054F /* View */ = {
			isa = PBXGroup;
			children = (
				837B32791FD4211400BF054F /* PokeCell.swift */,
			);
			path = View;
			sourceTree = "<group>";
		};
		837B32751FD3ED2100BF054F /* Model */ = {
			isa = PBXGroup;
			children = (
				837B32771FD40A2E00BF054F /* Pokemon.swift */,
			);
			path = Model;
			sourceTree = "<group>";
		};
		837B32761FD3ED2A00BF054F /* Supporting Files */ = {
			isa = PBXGroup;
			children = (
				837B327B1FD48E4300BF054F /* csv.swift */,
				837B32721FD3ECB700BF054F /* pokemon.csv */,
				837B32601FD3EB5400BF054F /* AppDelegate.swift */,
				837B32671FD3EB5400BF054F /* Assets.xcassets */,
				837B32691FD3EB5400BF054F /* LaunchScreen.storyboard */,
			);
			path = "Supporting Files";
			sourceTree = "<group>";
		};
/* End PBXGroup section */

/* Begin PBXNativeTarget section */
		837B325C1FD3EB5400BF054F /* PokeDex */ = {
			isa = PBXNativeTarget;
			buildConfigurationList = 837B326F1FD3EB5400BF054F /* Build configuration list for PBXNativeTarget "PokeDex" */;
			buildPhases = (
				837B32591FD3EB5400BF054F /* Sources */,
				837B325A1FD3EB5400BF054F /* Frameworks */,
				837B325B1FD3EB5400BF054F /* Resources */,
			);
			buildRules = (
			);
			dependencies = (
			);
			name = PokeDex;
			productName = PokeDex;
			productReference = 837B325D1FD3EB5400BF054F /* PokeDex.app */;
			productType = "com.apple.product-type.application";
		};
/* End PBXNativeTarget section */

/* Begin PBXProject section */
		837B32551FD3EB5400BF054F /* Project object */ = {
			isa = PBXProject;
			attributes = {
				LastSwiftUpdateCheck = 0900;
				LastUpgradeCheck = 0900;
				ORGANIZATIONNAME = "Sujanth Sebamalaithasan";
				TargetAttributes = {
					837B325C1FD3EB5400BF054F = {
						CreatedOnToolsVersion = 9.0;
						ProvisioningStyle = Automatic;
					};
				};
			};
			buildConfigurationList = 837B32581FD3EB5400BF054F /* Build configuration list for PBXProject "PokeDex" */;
			compatibilityVersion = "Xcode 8.0";
			developmentRegion = en;
			hasScannedForEncodings = 0;
			knownRegions = (
				en,
				Base,
			);
			mainGroup = 837B32541FD3EB5400BF054F;
			productRefGroup = 837B325E1FD3EB5400BF054F /* Products */;
			projectDirPath = "";
			projectRoot = "";
			targets = (
				837B325C1FD3EB5400BF054F /* PokeDex */,
			);
		};
/* End PBXProject section */

/* Begin PBXResourcesBuildPhase section */
		837B325B1FD3EB5400BF054F /* Resources */ = {
			isa = PBXResourcesBuildPhase;
			buildActionMask = 2147483647;
			files = (
				837B327D1FD586D400BF054F /* pokemon.csv in Resources */,
				837B326B1FD3EB5400BF054F /* LaunchScreen.storyboard in Resources */,
				837B32681FD3EB5400BF054F /* Assets.xcassets in Resources */,
				837B32661FD3EB5400BF054F /* Main.storyboard in Resources */,
			);
			runOnlyForDeploymentPostprocessing = 0;
		};
/* End PBXResourcesBuildPhase section */

/* Begin PBXSourcesBuildPhase section */
		837B32591FD3EB5400BF054F /* Sources */ = {
			isa = PBXSourcesBuildPhase;
			buildActionMask = 2147483647;
			files = (
				837B327A1FD4211400BF054F /* PokeCell.swift in Sources */,
				837B32631FD3EB5400BF054F /* ViewController.swift in Sources */,
				837B32611FD3EB5400BF054F /* AppDelegate.swift in Sources */,
				837B32781FD40A2E00BF054F /* Pokemon.swift in Sources */,
				837B327C1FD48E4300BF054F /* csv.swift in Sources */,
			);
			runOnlyForDeploymentPostprocessing = 0;
		};
/* End PBXSourcesBuildPhase section */

/* Begin PBXVariantGroup section */
		837B32641FD3EB5400BF054F /* Main.storyboard */ = {
			isa = PBXVariantGroup;
			children = (
				837B32651FD3EB5400BF054F /* Base */,
			);
			name = Main.storyboard;
			sourceTree = "<group>";
		};
		837B32691FD3EB5400BF054F /* LaunchScreen.storyboard */ = {
			isa = PBXVariantGroup;
			children = (
				837B326A1FD3EB5400BF054F /* Base */,
			);
			name = LaunchScreen.storyboard;
			sourceTree = "<group>";
		};
/* End PBXVariantGroup section */

/* Begin XCBuildConfiguration section */
		837B326D1FD3EB5400BF054F /* Debug */ = {
			isa = XCBuildConfiguration;
			buildSettings = {
				ALWAYS_SEARCH_USER_PATHS = NO;
				CLANG_ANALYZER_NONNULL = YES;
				CLANG_ANALYZER_NUMBER_OBJECT_CONVERSION = YES_AGGRESSIVE;
				CLANG_CXX_LANGUAGE_STANDARD = "gnu++14";
				CLANG_CXX_LIBRARY = "libc++";
				CLANG_ENABLE_MODULES = YES;
				CLANG_ENABLE_OBJC_ARC = YES;
				CLANG_WARN_BLOCK_CAPTURE_AUTORELEASING = YES;
				CLANG_WARN_BOOL_CONVERSION = YES;
				CLANG_WARN_COMMA = YES;
				CLANG_WARN_CONSTANT_CONVERSION = YES;
				CLANG_WARN_DIRECT_OBJC_ISA_USAGE = YES_ERROR;
				CLANG_WARN_DOCUMENTATION_COMMENTS = YES;
				CLANG_WARN_EMPTY_BODY = YES;
				CLANG_WARN_ENUM_CONVERSION = YES;
				CLANG_WARN_INFINITE_RECURSION = YES;
				CLANG_WARN_INT_CONVERSION = YES;
				CLANG_WARN_NON_LITERAL_NULL_CONVERSION = YES;
				CLANG_WARN_OBJC_LITERAL_CONVERSION = YES;
				CLANG_WARN_OBJC_ROOT_CLASS = YES_ERROR;
				CLANG_WARN_RANGE_LOOP_ANALYSIS = YES;
				CLANG_WARN_STRICT_PROTOTYPES = YES;
				CLANG_WARN_SUSPICIOUS_MOVE = YES;
				CLANG_WARN_UNGUARDED_AVAILABILITY = YES_AGGRESSIVE;
				CLANG_WARN_UNREACHABLE_CODE = YES;
				CLANG_WARN__DUPLICATE_METHOD_MATCH = YES;
				CODE_SIGN_IDENTITY = "iPhone Developer";
				COPY_PHASE_STRIP = NO;
				DEBUG_INFORMATION_FORMAT = dwarf;
				ENABLE_STRICT_OBJC_MSGSEND = YES;
				ENABLE_TESTABILITY = YES;
				GCC_C_LANGUAGE_STANDARD = gnu11;
				GCC_DYNAMIC_NO_PIC = NO;
				GCC_NO_COMMON_BLOCKS = YES;
				GCC_OPTIMIZATION_LEVEL = 0;
				GCC_PREPROCESSOR_DEFINITIONS = (
					"DEBUG=1",
					"$(inherited)",
				);
				GCC_WARN_64_TO_32_BIT_CONVERSION = YES;
				GCC_WARN_ABOUT_RETURN_TYPE = YES_ERROR;
				GCC_WARN_UNDECLARED_SELECTOR = YES;
				GCC_WARN_UNINITIALIZED_AUTOS = YES_AGGRESSIVE;
				GCC_WARN_UNUSED_FUNCTION = YES;
				GCC_WARN_UNUSED_VARIABLE = YES;
				IPHONEOS_DEPLOYMENT_TARGET = 11.0;
				MTL_ENABLE_DEBUG_INFO = YES;
				ONLY_ACTIVE_ARCH = YES;
				SDKROOT = iphoneos;
				SWIFT_ACTIVE_COMPILATION_CONDITIONS = DEBUG;
				SWIFT_OPTIMIZATION_LEVEL = "-Onone";
			};
			name = Debug;
		};
		837B326E1FD3EB5400BF054F /* Release */ = {
			isa = XCBuildConfiguration;
			buildSettings = {
				ALWAYS_SEARCH_USER_PATHS = NO;
				CLANG_ANALYZER_NONNULL = YES;
				CLANG_ANALYZER_NUMBER_OBJECT_CONVERSION = YES_AGGRESSIVE;
				CLANG_CXX_LANGUAGE_STANDARD = "gnu++14";
				CLANG_CXX_LIBRARY = "libc++";
				CLANG_ENABLE_MODULES = YES;
				CLANG_ENABLE_OBJC_ARC = YES;
				CLANG_WARN_BLOCK_CAPTURE_AUTORELEASING = YES;
				CLANG_WARN_BOOL_CONVERSION = YES;
				CLANG_WARN_COMMA = YES;
				CLANG_WARN_CONSTANT_CONVERSION = YES;
				CLANG_WARN_DIRECT_OBJC_ISA_USAGE = YES_ERROR;
				CLANG_WARN_DOCUMENTATION_COMMENTS = YES;
				CLANG_WARN_EMPTY_BODY = YES;
				CLANG_WARN_ENUM_CONVERSION = YES;
				CLANG_WARN_INFINITE_RECURSION = YES;
				CLANG_WARN_INT_CONVERSION = YES;
				CLANG_WARN_NON_LITERAL_NULL_CONVERSION = YES;
				CLANG_WARN_OBJC_LITERAL_CONVERSION = YES;
				CLANG_WARN_OBJC_ROOT_CLASS = YES_ERROR;
				CLANG_WARN_RANGE_LOOP_ANALYSIS = YES;
				CLANG_WARN_STRICT_PROTOTYPES = YES;
				CLANG_WARN_SUSPICIOUS_MOVE = YES;
				CLANG_WARN_UNGUARDED_AVAILABILITY = YES_AGGRESSIVE;
				CLANG_WARN_UNREACHABLE_CODE = YES;
				CLANG_WARN__DUPLICATE_METHOD_MATCH = YES;
				CODE_SIGN_IDENTITY = "iPhone Developer";
				COPY_PHASE_STRIP = NO;
				DEBUG_INFORMATION_FORMAT = "dwarf-with-dsym";
				ENABLE_NS_ASSERTIONS = NO;
				ENABLE_STRICT_OBJC_MSGSEND = YES;
				GCC_C_LANGUAGE_STANDARD = gnu11;
				GCC_NO_COMMON_BLOCKS = YES;
				GCC_WARN_64_TO_32_BIT_CONVERSION = YES;
				GCC_WARN_ABOUT_RETURN_TYPE = YES_ERROR;
				GCC_WARN_UNDECLARED_SELECTOR = YES;
				GCC_WARN_UNINITIALIZED_AUTOS = YES_AGGRESSIVE;
				GCC_WARN_UNUSED_FUNCTION = YES;
				GCC_WARN_UNUSED_VARIABLE = YES;
				IPHONEOS_DEPLOYMENT_TARGET = 11.0;
				MTL_ENABLE_DEBUG_INFO = NO;
				SDKROOT = iphoneos;
				SWIFT_OPTIMIZATION_LEVEL = "-Owholemodule";
				VALIDATE_PRODUCT = YES;
			};
			name = Release;
		};
		837B32701FD3EB5400BF054F /* Debug */ = {
			isa = XCBuildConfiguration;
			buildSettings = {
				ASSETCATALOG_COMPILER_APPICON_NAME = AppIcon;
				CODE_SIGN_STYLE = Automatic;
				DEVELOPMENT_TEAM = 7444ZHPYLX;
				INFOPLIST_FILE = PokeDex/Info.plist;
				LD_RUNPATH_SEARCH_PATHS = "$(inherited) @executable_path/Frameworks";
				PRODUCT_BUNDLE_IDENTIFIER = com.sujanth.PokeDex;
				PRODUCT_NAME = "$(TARGET_NAME)";
				SWIFT_VERSION = 4.0;
				TARGETED_DEVICE_FAMILY = "1,2";
			};
			name = Debug;
		};
		837B32711FD3EB5400BF054F /* Release */ = {
			isa = XCBuildConfiguration;
			buildSettings = {
				ASSETCATALOG_COMPILER_APPICON_NAME = AppIcon;
				CODE_SIGN_STYLE = Automatic;
				DEVELOPMENT_TEAM = 7444ZHPYLX;
				INFOPLIST_FILE = PokeDex/Info.plist;
				LD_RUNPATH_SEARCH_PATHS = "$(inherited) @executable_path/Frameworks";
				PRODUCT_BUNDLE_IDENTIFIER = com.sujanth.PokeDex;
				PRODUCT_NAME = "$(TARGET_NAME)";
				SWIFT_VERSION = 4.0;
				TARGETED_DEVICE_FAMILY = "1,2";
			};
			name = Release;
		};
/* End XCBuildConfiguration section */

/* Begin XCConfigurationList section */
		837B32581FD3EB5400BF054F /* Build configuration list for PBXProject "PokeDex" */ = {
			isa = XCConfigurationList;
			buildConfigurations = (
				837B326D1FD3EB5400BF054F /* Debug */,
				837B326E1FD3EB5400BF054F /* Release */,
			);
			defaultConfigurationIsVisible = 0;
			defaultConfigurationName = Release;
		};
		837B326F1FD3EB5400BF054F /* Build configuration list for PBXNativeTarget "PokeDex" */ = {
			isa = XCConfigurationList;
			buildConfigurations = (
				837B32701FD3EB5400BF054F /* Debug */,
				837B32711FD3EB5400BF054F /* Release */,
			);
			defaultConfigurationIsVisible = 0;
			defaultConfigurationName = Release;
		};
/* End XCConfigurationList section */
	};
	rootObject = 837B32551FD3EB5400BF054F /* Project object */;
}
