// !$*UTF8*$!
{
	archiveVersion = 1;
	classes = {
	};
	objectVersion = 48;
	objects = {

/* Begin PBXBuildFile section */
		83D6514B1FD1F5F5000D105F /* AppDelegate.swift in Sources */ = {isa = PBXBuildFile; fileRef = 83D6514A1FD1F5F5000D105F /* AppDelegate.swift */; };
		83D6514D1FD1F5F5000D105F /* WeatherVC.swift in Sources */ = {isa = PBXBuildFile; fileRef = 83D6514C1FD1F5F5000D105F /* WeatherVC.swift */; };
		83D651501FD1F5F5000D105F /* Main.storyboard in Resources */ = {isa = PBXBuildFile; fileRef = 83D6514E1FD1F5F5000D105F /* Main.storyboard */; };
		83D651521FD1F5F5000D105F /* Assets.xcassets in Resources */ = {isa = PBXBuildFile; fileRef = 83D651511FD1F5F5000D105F /* Assets.xcassets */; };
		83D651551FD1F5F5000D105F /* LaunchScreen.storyboard in Resources */ = {isa = PBXBuildFile; fileRef = 83D651531FD1F5F5000D105F /* LaunchScreen.storyboard */; };
		83D651601FD1F5F5000D105F /* RainyShinyTests.swift in Sources */ = {isa = PBXBuildFile; fileRef = 83D6515F1FD1F5F5000D105F /* RainyShinyTests.swift */; };
		83D6516B1FD1F5F5000D105F /* RainyShinyUITests.swift in Sources */ = {isa = PBXBuildFile; fileRef = 83D6516A1FD1F5F5000D105F /* RainyShinyUITests.swift */; };
		88FDE5FF3C6D0AA5169D9A71 /* Pods_RainyShiny.framework in Frameworks */ = {isa = PBXBuildFile; fileRef = 36AB7F65F75983481AAAAF52 /* Pods_RainyShiny.framework */; };
		DDF9930EFEECAD9CA65E2747 /* Pods_RainyShinyTests.framework in Frameworks */ = {isa = PBXBuildFile; fileRef = 80E11CFA0F5643299BC435B1 /* Pods_RainyShinyTests.framework */; };
		F5F161B8CC9FD0080F0B4A17 /* Pods_RainyShinyUITests.framework in Frameworks */ = {isa = PBXBuildFile; fileRef = 357BE2EFC1E8A0BBB63C7A25 /* Pods_RainyShinyUITests.framework */; };
/* End PBXBuildFile section */

/* Begin PBXContainerItemProxy section */
		83D6515C1FD1F5F5000D105F /* PBXContainerItemProxy */ = {
			isa = PBXContainerItemProxy;
			containerPortal = 83D6513F1FD1F5F5000D105F /* Project object */;
			proxyType = 1;
			remoteGlobalIDString = 83D651461FD1F5F5000D105F;
			remoteInfo = RainyShiny;
		};
		83D651671FD1F5F5000D105F /* PBXContainerItemProxy */ = {
			isa = PBXContainerItemProxy;
			containerPortal = 83D6513F1FD1F5F5000D105F /* Project object */;
			proxyType = 1;
			remoteGlobalIDString = 83D651461FD1F5F5000D105F;
			remoteInfo = RainyShiny;
		};
/* End PBXContainerItemProxy section */

/* Begin PBXFileReference section */
		30B1C104AEF6A7D6C2326926 /* Pods-RainyShiny.debug.xcconfig */ = {isa = PBXFileReference; includeInIndex = 1; lastKnownFileType = text.xcconfig; name = "Pods-RainyShiny.debug.xcconfig"; path = "Pods/Target Support Files/Pods-RainyShiny/Pods-RainyShiny.debug.xcconfig"; sourceTree = "<group>"; };
		357BE2EFC1E8A0BBB63C7A25 /* Pods_RainyShinyUITests.framework */ = {isa = PBXFileReference; explicitFileType = wrapper.framework; includeInIndex = 0; path = Pods_RainyShinyUITests.framework; sourceTree = BUILT_PRODUCTS_DIR; };
		36AB7F65F75983481AAAAF52 /* Pods_RainyShiny.framework */ = {isa = PBXFileReference; explicitFileType = wrapper.framework; includeInIndex = 0; path = Pods_RainyShiny.framework; sourceTree = BUILT_PRODUCTS_DIR; };
		66F26723851893099D1197F5 /* Pods-RainyShinyUITests.debug.xcconfig */ = {isa = PBXFileReference; includeInIndex = 1; lastKnownFileType = text.xcconfig; name = "Pods-RainyShinyUITests.debug.xcconfig"; path = "Pods/Target Support Files/Pods-RainyShinyUITests/Pods-RainyShinyUITests.debug.xcconfig"; sourceTree = "<group>"; };
		6C9C18A49A5EFF2E682C8FA9 /* Pods-RainyShinyTests.release.xcconfig */ = {isa = PBXFileReference; includeInIndex = 1; lastKnownFileType = text.xcconfig; name = "Pods-RainyShinyTests.release.xcconfig"; path = "Pods/Target Support Files/Pods-RainyShinyTests/Pods-RainyShinyTests.release.xcconfig"; sourceTree = "<group>"; };
		80E11CFA0F5643299BC435B1 /* Pods_RainyShinyTests.framework */ = {isa = PBXFileReference; explicitFileType = wrapper.framework; includeInIndex = 0; path = Pods_RainyShinyTests.framework; sourceTree = BUILT_PRODUCTS_DIR; };
		83D651471FD1F5F5000D105F /* RainyShiny.app */ = {isa = PBXFileReference; explicitFileType = wrapper.application; includeInIndex = 0; path = RainyShiny.app; sourceTree = BUILT_PRODUCTS_DIR; };
		83D6514A1FD1F5F5000D105F /* AppDelegate.swift */ = {isa = PBXFileReference; lastKnownFileType = sourcecode.swift; path = AppDelegate.swift; sourceTree = "<group>"; };
		83D6514C1FD1F5F5000D105F /* WeatherVC.swift */ = {isa = PBXFileReference; lastKnownFileType = sourcecode.swift; path = WeatherVC.swift; sourceTree = "<group>"; };
		83D6514F1FD1F5F5000D105F /* Base */ = {isa = PBXFileReference; lastKnownFileType = file.storyboard; name = Base; path = Base.lproj/Main.storyboard; sourceTree = "<group>"; };
		83D651511FD1F5F5000D105F /* Assets.xcassets */ = {isa = PBXFileReference; lastKnownFileType = folder.assetcatalog; path = Assets.xcassets; sourceTree = "<group>"; };
		83D651541FD1F5F5000D105F /* Base */ = {isa = PBXFileReference; lastKnownFileType = file.storyboard; name = Base; path = Base.lproj/LaunchScreen.storyboard; sourceTree = "<group>"; };
		83D651561FD1F5F5000D105F /* Info.plist */ = {isa = PBXFileReference; lastKnownFileType = text.plist.xml; path = Info.plist; sourceTree = "<group>"; };
		83D6515B1FD1F5F5000D105F /* RainyShinyTests.xctest */ = {isa = PBXFileReference; explicitFileType = wrapper.cfbundle; includeInIndex = 0; path = RainyShinyTests.xctest; sourceTree = BUILT_PRODUCTS_DIR; };
		83D6515F1FD1F5F5000D105F /* RainyShinyTests.swift */ = {isa = PBXFileReference; lastKnownFileType = sourcecode.swift; path = RainyShinyTests.swift; sourceTree = "<group>"; };
		83D651611FD1F5F5000D105F /* Info.plist */ = {isa = PBXFileReference; lastKnownFileType = text.plist.xml; path = Info.plist; sourceTree = "<group>"; };
		83D651661FD1F5F5000D105F /* RainyShinyUITests.xctest */ = {isa = PBXFileReference; explicitFileType = wrapper.cfbundle; includeInIndex = 0; path = RainyShinyUITests.xctest; sourceTree = BUILT_PRODUCTS_DIR; };
		83D6516A1FD1F5F5000D105F /* RainyShinyUITests.swift */ = {isa = PBXFileReference; lastKnownFileType = sourcecode.swift; path = RainyShinyUITests.swift; sourceTree = "<group>"; };
		83D6516C1FD1F5F5000D105F /* Info.plist */ = {isa = PBXFileReference; lastKnownFileType = text.plist.xml; path = Info.plist; sourceTree = "<group>"; };
		C14BE2B1C10255CAAE78D06F /* Pods-RainyShinyUITests.release.xcconfig */ = {isa = PBXFileReference; includeInIndex = 1; lastKnownFileType = text.xcconfig; name = "Pods-RainyShinyUITests.release.xcconfig"; path = "Pods/Target Support Files/Pods-RainyShinyUITests/Pods-RainyShinyUITests.release.xcconfig"; sourceTree = "<group>"; };
		C2F4EBFCF1FE3EA7217807EF /* Pods-RainyShiny.release.xcconfig */ = {isa = PBXFileReference; includeInIndex = 1; lastKnownFileType = text.xcconfig; name = "Pods-RainyShiny.release.xcconfig"; path = "Pods/Target Support Files/Pods-RainyShiny/Pods-RainyShiny.release.xcconfig"; sourceTree = "<group>"; };
		D9FF219EA5F4DC373A701DB3 /* Pods-RainyShinyTests.debug.xcconfig */ = {isa = PBXFileReference; includeInIndex = 1; lastKnownFileType = text.xcconfig; name = "Pods-RainyShinyTests.debug.xcconfig"; path = "Pods/Target Support Files/Pods-RainyShinyTests/Pods-RainyShinyTests.debug.xcconfig"; sourceTree = "<group>"; };
/* End PBXFileReference section */

/* Begin PBXFrameworksBuildPhase section */
		83D651441FD1F5F5000D105F /* Frameworks */ = {
			isa = PBXFrameworksBuildPhase;
			buildActionMask = 2147483647;
			files = (
				88FDE5FF3C6D0AA5169D9A71 /* Pods_RainyShiny.framework in Frameworks */,
			);
			runOnlyForDeploymentPostprocessing = 0;
		};
		83D651581FD1F5F5000D105F /* Frameworks */ = {
			isa = PBXFrameworksBuildPhase;
			buildActionMask = 2147483647;
			files = (
				DDF9930EFEECAD9CA65E2747 /* Pods_RainyShinyTests.framework in Frameworks */,
			);
			runOnlyForDeploymentPostprocessing = 0;
		};
		83D651631FD1F5F5000D105F /* Frameworks */ = {
			isa = PBXFrameworksBuildPhase;
			buildActionMask = 2147483647;
			files = (
				F5F161B8CC9FD0080F0B4A17 /* Pods_RainyShinyUITests.framework in Frameworks */,
			);
			runOnlyForDeploymentPostprocessing = 0;
		};
/* End PBXFrameworksBuildPhase section */

/* Begin PBXGroup section */
		4EAAFE89569D978CC66B0F99 /* Pods */ = {
			isa = PBXGroup;
			children = (
				30B1C104AEF6A7D6C2326926 /* Pods-RainyShiny.debug.xcconfig */,
				C2F4EBFCF1FE3EA7217807EF /* Pods-RainyShiny.release.xcconfig */,
				D9FF219EA5F4DC373A701DB3 /* Pods-RainyShinyTests.debug.xcconfig */,
				6C9C18A49A5EFF2E682C8FA9 /* Pods-RainyShinyTests.release.xcconfig */,
				66F26723851893099D1197F5 /* Pods-RainyShinyUITests.debug.xcconfig */,
				C14BE2B1C10255CAAE78D06F /* Pods-RainyShinyUITests.release.xcconfig */,
			);
			name = Pods;
			sourceTree = "<group>";
		};
		81843B8F5F59CD161C9DB4E7 /* Frameworks */ = {
			isa = PBXGroup;
			children = (
				36AB7F65F75983481AAAAF52 /* Pods_RainyShiny.framework */,
				80E11CFA0F5643299BC435B1 /* Pods_RainyShinyTests.framework */,
				357BE2EFC1E8A0BBB63C7A25 /* Pods_RainyShinyUITests.framework */,
			);
			name = Frameworks;
			sourceTree = "<group>";
		};
		83D6513E1FD1F5F5000D105F = {
			isa = PBXGroup;
			children = (
				83D651491FD1F5F5000D105F /* RainyShiny */,
				83D6515E1FD1F5F5000D105F /* RainyShinyTests */,
				83D651691FD1F5F5000D105F /* RainyShinyUITests */,
				83D651481FD1F5F5000D105F /* Products */,
				4EAAFE89569D978CC66B0F99 /* Pods */,
				81843B8F5F59CD161C9DB4E7 /* Frameworks */,
			);
			sourceTree = "<group>";
		};
		83D651481FD1F5F5000D105F /* Products */ = {
			isa = PBXGroup;
			children = (
				83D651471FD1F5F5000D105F /* RainyShiny.app */,
				83D6515B1FD1F5F5000D105F /* RainyShinyTests.xctest */,
				83D651661FD1F5F5000D105F /* RainyShinyUITests.xctest */,
			);
			name = Products;
			sourceTree = "<group>";
		};
		83D651491FD1F5F5000D105F /* RainyShiny */ = {
			isa = PBXGroup;
			children = (
				83D6517B1FD1FA0D000D105F /* Supporting Files */,
				83D6517A1FD1F9D8000D105F /* Model */,
				83D651791FD1F9D1000D105F /* View */,
				83D651781FD1F9C8000D105F /* Controller */,
				83D6514E1FD1F5F5000D105F /* Main.storyboard */,
				83D651561FD1F5F5000D105F /* Info.plist */,
			);
			path = RainyShiny;
			sourceTree = "<group>";
		};
		83D6515E1FD1F5F5000D105F /* RainyShinyTests */ = {
			isa = PBXGroup;
			children = (
				83D6515F1FD1F5F5000D105F /* RainyShinyTests.swift */,
				83D651611FD1F5F5000D105F /* Info.plist */,
			);
			path = RainyShinyTests;
			sourceTree = "<group>";
		};
		83D651691FD1F5F5000D105F /* RainyShinyUITests */ = {
			isa = PBXGroup;
			children = (
				83D6516A1FD1F5F5000D105F /* RainyShinyUITests.swift */,
				83D6516C1FD1F5F5000D105F /* Info.plist */,
			);
			path = RainyShinyUITests;
			sourceTree = "<group>";
		};
		83D651781FD1F9C8000D105F /* Controller */ = {
			isa = PBXGroup;
			children = (
				83D6514C1FD1F5F5000D105F /* WeatherVC.swift */,
			);
			path = Controller;
			sourceTree = "<group>";
		};
		83D651791FD1F9D1000D105F /* View */ = {
			isa = PBXGroup;
			children = (
			);
			path = View;
			sourceTree = "<group>";
		};
		83D6517A1FD1F9D8000D105F /* Model */ = {
			isa = PBXGroup;
			children = (
			);
			path = Model;
			sourceTree = "<group>";
		};
		83D6517B1FD1FA0D000D105F /* Supporting Files */ = {
			isa = PBXGroup;
			children = (
				83D6514A1FD1F5F5000D105F /* AppDelegate.swift */,
				83D651511FD1F5F5000D105F /* Assets.xcassets */,
				83D651531FD1F5F5000D105F /* LaunchScreen.storyboard */,
			);
			path = "Supporting Files";
			sourceTree = "<group>";
		};
/* End PBXGroup section */

/* Begin PBXNativeTarget section */
		83D651461FD1F5F5000D105F /* RainyShiny */ = {
			isa = PBXNativeTarget;
			buildConfigurationList = 83D6516F1FD1F5F5000D105F /* Build configuration list for PBXNativeTarget "RainyShiny" */;
			buildPhases = (
				D21515962998B6DD6D11A7F5 /* [CP] Check Pods Manifest.lock */,
				83D651431FD1F5F5000D105F /* Sources */,
				83D651441FD1F5F5000D105F /* Frameworks */,
				83D651451FD1F5F5000D105F /* Resources */,
				326ECF405AB7ED91DD68B741 /* [CP] Embed Pods Frameworks */,
				01CA2E6ED71EF6438DECF6D0 /* [CP] Copy Pods Resources */,
			);
			buildRules = (
			);
			dependencies = (
			);
			name = RainyShiny;
			productName = RainyShiny;
			productReference = 83D651471FD1F5F5000D105F /* RainyShiny.app */;
			productType = "com.apple.product-type.application";
		};
		83D6515A1FD1F5F5000D105F /* RainyShinyTests */ = {
			isa = PBXNativeTarget;
			buildConfigurationList = 83D651721FD1F5F5000D105F /* Build configuration list for PBXNativeTarget "RainyShinyTests" */;
			buildPhases = (
				0EB8F8254ADC0B3AB4210764 /* [CP] Check Pods Manifest.lock */,
				83D651571FD1F5F5000D105F /* Sources */,
				83D651581FD1F5F5000D105F /* Frameworks */,
				83D651591FD1F5F5000D105F /* Resources */,
				10BB50CE01A46E80924C0D9A /* [CP] Embed Pods Frameworks */,
				9A45CC3C29BB68215A7597E3 /* [CP] Copy Pods Resources */,
			);
			buildRules = (
			);
			dependencies = (
				83D6515D1FD1F5F5000D105F /* PBXTargetDependency */,
			);
			name = RainyShinyTests;
			productName = RainyShinyTests;
			productReference = 83D6515B1FD1F5F5000D105F /* RainyShinyTests.xctest */;
			productType = "com.apple.product-type.bundle.unit-test";
		};
		83D651651FD1F5F5000D105F /* RainyShinyUITests */ = {
			isa = PBXNativeTarget;
			buildConfigurationList = 83D651751FD1F5F5000D105F /* Build configuration list for PBXNativeTarget "RainyShinyUITests" */;
			buildPhases = (
				CACBDEF69D04052C0B9E32ED /* [CP] Check Pods Manifest.lock */,
				83D651621FD1F5F5000D105F /* Sources */,
				83D651631FD1F5F5000D105F /* Frameworks */,
				83D651641FD1F5F5000D105F /* Resources */,
				F22C34793940E86DA8249304 /* [CP] Embed Pods Frameworks */,
				0093999AFDBD8042685915F0 /* [CP] Copy Pods Resources */,
			);
			buildRules = (
			);
			dependencies = (
				83D651681FD1F5F5000D105F /* PBXTargetDependency */,
			);
			name = RainyShinyUITests;
			productName = RainyShinyUITests;
			productReference = 83D651661FD1F5F5000D105F /* RainyShinyUITests.xctest */;
			productType = "com.apple.product-type.bundle.ui-testing";
		};
/* End PBXNativeTarget section */

/* Begin PBXProject section */
		83D6513F1FD1F5F5000D105F /* Project object */ = {
			isa = PBXProject;
			attributes = {
				LastSwiftUpdateCheck = 0900;
				LastUpgradeCheck = 0900;
				ORGANIZATIONNAME = "Sujanth Sebamalaithasan";
				TargetAttributes = {
					83D651461FD1F5F5000D105F = {
						CreatedOnToolsVersion = 9.0;
						ProvisioningStyle = Automatic;
					};
					83D6515A1FD1F5F5000D105F = {
						CreatedOnToolsVersion = 9.0;
						ProvisioningStyle = Automatic;
						TestTargetID = 83D651461FD1F5F5000D105F;
					};
					83D651651FD1F5F5000D105F = {
						CreatedOnToolsVersion = 9.0;
						ProvisioningStyle = Automatic;
						TestTargetID = 83D651461FD1F5F5000D105F;
					};
				};
			};
			buildConfigurationList = 83D651421FD1F5F5000D105F /* Build configuration list for PBXProject "RainyShiny" */;
			compatibilityVersion = "Xcode 8.0";
			developmentRegion = en;
			hasScannedForEncodings = 0;
			knownRegions = (
				en,
				Base,
			);
			mainGroup = 83D6513E1FD1F5F5000D105F;
			productRefGroup = 83D651481FD1F5F5000D105F /* Products */;
			projectDirPath = "";
			projectRoot = "";
			targets = (
				83D651461FD1F5F5000D105F /* RainyShiny */,
				83D6515A1FD1F5F5000D105F /* RainyShinyTests */,
				83D651651FD1F5F5000D105F /* RainyShinyUITests */,
			);
		};
/* End PBXProject section */

/* Begin PBXResourcesBuildPhase section */
		83D651451FD1F5F5000D105F /* Resources */ = {
			isa = PBXResourcesBuildPhase;
			buildActionMask = 2147483647;
			files = (
				83D651551FD1F5F5000D105F /* LaunchScreen.storyboard in Resources */,
				83D651521FD1F5F5000D105F /* Assets.xcassets in Resources */,
				83D651501FD1F5F5000D105F /* Main.storyboard in Resources */,
			);
			runOnlyForDeploymentPostprocessing = 0;
		};
		83D651591FD1F5F5000D105F /* Resources */ = {
			isa = PBXResourcesBuildPhase;
			buildActionMask = 2147483647;
			files = (
			);
			runOnlyForDeploymentPostprocessing = 0;
		};
		83D651641FD1F5F5000D105F /* Resources */ = {
			isa = PBXResourcesBuildPhase;
			buildActionMask = 2147483647;
			files = (
			);
			runOnlyForDeploymentPostprocessing = 0;
		};
/* End PBXResourcesBuildPhase section */

/* Begin PBXShellScriptBuildPhase section */
		0093999AFDBD8042685915F0 /* [CP] Copy Pods Resources */ = {
			isa = PBXShellScriptBuildPhase;
			buildActionMask = 2147483647;
			files = (
			);
			inputPaths = (
			);
			name = "[CP] Copy Pods Resources";
			outputPaths = (
			);
			runOnlyForDeploymentPostprocessing = 0;
			shellPath = /bin/sh;
			shellScript = "\"${SRCROOT}/Pods/Target Support Files/Pods-RainyShinyUITests/Pods-RainyShinyUITests-resources.sh\"\n";
			showEnvVarsInLog = 0;
		};
		01CA2E6ED71EF6438DECF6D0 /* [CP] Copy Pods Resources */ = {
			isa = PBXShellScriptBuildPhase;
			buildActionMask = 2147483647;
			files = (
			);
			inputPaths = (
			);
			name = "[CP] Copy Pods Resources";
			outputPaths = (
			);
			runOnlyForDeploymentPostprocessing = 0;
			shellPath = /bin/sh;
			shellScript = "\"${SRCROOT}/Pods/Target Support Files/Pods-RainyShiny/Pods-RainyShiny-resources.sh\"\n";
			showEnvVarsInLog = 0;
		};
		0EB8F8254ADC0B3AB4210764 /* [CP] Check Pods Manifest.lock */ = {
			isa = PBXShellScriptBuildPhase;
			buildActionMask = 2147483647;
			files = (
			);
			inputPaths = (
				"${PODS_PODFILE_DIR_PATH}/Podfile.lock",
				"${PODS_ROOT}/Manifest.lock",
			);
			name = "[CP] Check Pods Manifest.lock";
			outputPaths = (
				"$(DERIVED_FILE_DIR)/Pods-RainyShinyTests-checkManifestLockResult.txt",
			);
			runOnlyForDeploymentPostprocessing = 0;
			shellPath = /bin/sh;
			shellScript = "diff \"${PODS_PODFILE_DIR_PATH}/Podfile.lock\" \"${PODS_ROOT}/Manifest.lock\" > /dev/null\nif [ $? != 0 ] ; then\n    # print error to STDERR\n    echo \"error: The sandbox is not in sync with the Podfile.lock. Run 'pod install' or update your CocoaPods installation.\" >&2\n    exit 1\nfi\n# This output is used by Xcode 'outputs' to avoid re-running this script phase.\necho \"SUCCESS\" > \"${SCRIPT_OUTPUT_FILE_0}\"\n";
			showEnvVarsInLog = 0;
		};
		10BB50CE01A46E80924C0D9A /* [CP] Embed Pods Frameworks */ = {
			isa = PBXShellScriptBuildPhase;
			buildActionMask = 2147483647;
			files = (
			);
			inputPaths = (
			);
			name = "[CP] Embed Pods Frameworks";
			outputPaths = (
			);
			runOnlyForDeploymentPostprocessing = 0;
			shellPath = /bin/sh;
			shellScript = "\"${SRCROOT}/Pods/Target Support Files/Pods-RainyShinyTests/Pods-RainyShinyTests-frameworks.sh\"\n";
			showEnvVarsInLog = 0;
		};
		326ECF405AB7ED91DD68B741 /* [CP] Embed Pods Frameworks */ = {
			isa = PBXShellScriptBuildPhase;
			buildActionMask = 2147483647;
			files = (
			);
			inputPaths = (
				"${SRCROOT}/Pods/Target Support Files/Pods-RainyShiny/Pods-RainyShiny-frameworks.sh",
				"${BUILT_PRODUCTS_DIR}/Alamofire/Alamofire.framework",
			);
			name = "[CP] Embed Pods Frameworks";
			outputPaths = (
				"${TARGET_BUILD_DIR}/${FRAMEWORKS_FOLDER_PATH}/Alamofire.framework",
			);
			runOnlyForDeploymentPostprocessing = 0;
			shellPath = /bin/sh;
			shellScript = "\"${SRCROOT}/Pods/Target Support Files/Pods-RainyShiny/Pods-RainyShiny-frameworks.sh\"\n";
			showEnvVarsInLog = 0;
		};
		9A45CC3C29BB68215A7597E3 /* [CP] Copy Pods Resources */ = {
			isa = PBXShellScriptBuildPhase;
			buildActionMask = 2147483647;
			files = (
			);
			inputPaths = (
			);
			name = "[CP] Copy Pods Resources";
			outputPaths = (
			);
			runOnlyForDeploymentPostprocessing = 0;
			shellPath = /bin/sh;
			shellScript = "\"${SRCROOT}/Pods/Target Support Files/Pods-RainyShinyTests/Pods-RainyShinyTests-resources.sh\"\n";
			showEnvVarsInLog = 0;
		};
		CACBDEF69D04052C0B9E32ED /* [CP] Check Pods Manifest.lock */ = {
			isa = PBXShellScriptBuildPhase;
			buildActionMask = 2147483647;
			files = (
			);
			inputPaths = (
				"${PODS_PODFILE_DIR_PATH}/Podfile.lock",
				"${PODS_ROOT}/Manifest.lock",
			);
			name = "[CP] Check Pods Manifest.lock";
			outputPaths = (
				"$(DERIVED_FILE_DIR)/Pods-RainyShinyUITests-checkManifestLockResult.txt",
			);
			runOnlyForDeploymentPostprocessing = 0;
			shellPath = /bin/sh;
			shellScript = "diff \"${PODS_PODFILE_DIR_PATH}/Podfile.lock\" \"${PODS_ROOT}/Manifest.lock\" > /dev/null\nif [ $? != 0 ] ; then\n    # print error to STDERR\n    echo \"error: The sandbox is not in sync with the Podfile.lock. Run 'pod install' or update your CocoaPods installation.\" >&2\n    exit 1\nfi\n# This output is used by Xcode 'outputs' to avoid re-running this script phase.\necho \"SUCCESS\" > \"${SCRIPT_OUTPUT_FILE_0}\"\n";
			showEnvVarsInLog = 0;
		};
		D21515962998B6DD6D11A7F5 /* [CP] Check Pods Manifest.lock */ = {
			isa = PBXShellScriptBuildPhase;
			buildActionMask = 2147483647;
			files = (
			);
			inputPaths = (
				"${PODS_PODFILE_DIR_PATH}/Podfile.lock",
				"${PODS_ROOT}/Manifest.lock",
			);
			name = "[CP] Check Pods Manifest.lock";
			outputPaths = (
				"$(DERIVED_FILE_DIR)/Pods-RainyShiny-checkManifestLockResult.txt",
			);
			runOnlyForDeploymentPostprocessing = 0;
			shellPath = /bin/sh;
			shellScript = "diff \"${PODS_PODFILE_DIR_PATH}/Podfile.lock\" \"${PODS_ROOT}/Manifest.lock\" > /dev/null\nif [ $? != 0 ] ; then\n    # print error to STDERR\n    echo \"error: The sandbox is not in sync with the Podfile.lock. Run 'pod install' or update your CocoaPods installation.\" >&2\n    exit 1\nfi\n# This output is used by Xcode 'outputs' to avoid re-running this script phase.\necho \"SUCCESS\" > \"${SCRIPT_OUTPUT_FILE_0}\"\n";
			showEnvVarsInLog = 0;
		};
		F22C34793940E86DA8249304 /* [CP] Embed Pods Frameworks */ = {
			isa = PBXShellScriptBuildPhase;
			buildActionMask = 2147483647;
			files = (
			);
			inputPaths = (
			);
			name = "[CP] Embed Pods Frameworks";
			outputPaths = (
			);
			runOnlyForDeploymentPostprocessing = 0;
			shellPath = /bin/sh;
			shellScript = "\"${SRCROOT}/Pods/Target Support Files/Pods-RainyShinyUITests/Pods-RainyShinyUITests-frameworks.sh\"\n";
			showEnvVarsInLog = 0;
		};
/* End PBXShellScriptBuildPhase section */

/* Begin PBXSourcesBuildPhase section */
		83D651431FD1F5F5000D105F /* Sources */ = {
			isa = PBXSourcesBuildPhase;
			buildActionMask = 2147483647;
			files = (
				83D6514D1FD1F5F5000D105F /* WeatherVC.swift in Sources */,
				83D6514B1FD1F5F5000D105F /* AppDelegate.swift in Sources */,
			);
			runOnlyForDeploymentPostprocessing = 0;
		};
		83D651571FD1F5F5000D105F /* Sources */ = {
			isa = PBXSourcesBuildPhase;
			buildActionMask = 2147483647;
			files = (
				83D651601FD1F5F5000D105F /* RainyShinyTests.swift in Sources */,
			);
			runOnlyForDeploymentPostprocessing = 0;
		};
		83D651621FD1F5F5000D105F /* Sources */ = {
			isa = PBXSourcesBuildPhase;
			buildActionMask = 2147483647;
			files = (
				83D6516B1FD1F5F5000D105F /* RainyShinyUITests.swift in Sources */,
			);
			runOnlyForDeploymentPostprocessing = 0;
		};
/* End PBXSourcesBuildPhase section */

/* Begin PBXTargetDependency section */
		83D6515D1FD1F5F5000D105F /* PBXTargetDependency */ = {
			isa = PBXTargetDependency;
			target = 83D651461FD1F5F5000D105F /* RainyShiny */;
			targetProxy = 83D6515C1FD1F5F5000D105F /* PBXContainerItemProxy */;
		};
		83D651681FD1F5F5000D105F /* PBXTargetDependency */ = {
			isa = PBXTargetDependency;
			target = 83D651461FD1F5F5000D105F /* RainyShiny */;
			targetProxy = 83D651671FD1F5F5000D105F /* PBXContainerItemProxy */;
		};
/* End PBXTargetDependency section */

/* Begin PBXVariantGroup section */
		83D6514E1FD1F5F5000D105F /* Main.storyboard */ = {
			isa = PBXVariantGroup;
			children = (
				83D6514F1FD1F5F5000D105F /* Base */,
			);
			name = Main.storyboard;
			sourceTree = "<group>";
		};
		83D651531FD1F5F5000D105F /* LaunchScreen.storyboard */ = {
			isa = PBXVariantGroup;
			children = (
				83D651541FD1F5F5000D105F /* Base */,
			);
			name = LaunchScreen.storyboard;
			sourceTree = "<group>";
		};
/* End PBXVariantGroup section */

/* Begin XCBuildConfiguration section */
		83D6516D1FD1F5F5000D105F /* Debug */ = {
			isa = XCBuildConfiguration;
			buildSettings = {
				ALWAYS_SEARCH_USER_PATHS = NO;
				CLANG_ANALYZER_NONNULL = YES;
				CLANG_ANALYZER_NUMBER_OBJECT_CONVERSION = YES_AGGRESSIVE;
				CLANG_CXX_LANGUAGE_STANDARD = "gnu++14";
				CLANG_CXX_LIBRARY = "libc++";
				CLANG_ENABLE_MODULES = YES;
				CLANG_ENABLE_OBJC_ARC = YES;
				CLANG_WARN_BLOCK_CAPTURE_AUTORELEASING = YES;
				CLANG_WARN_BOOL_CONVERSION = YES;
				CLANG_WARN_COMMA = YES;
				CLANG_WARN_CONSTANT_CONVERSION = YES;
				CLANG_WARN_DIRECT_OBJC_ISA_USAGE = YES_ERROR;
				CLANG_WARN_DOCUMENTATION_COMMENTS = YES;
				CLANG_WARN_EMPTY_BODY = YES;
				CLANG_WARN_ENUM_CONVERSION = YES;
				CLANG_WARN_INFINITE_RECURSION = YES;
				CLANG_WARN_INT_CONVERSION = YES;
				CLANG_WARN_NON_LITERAL_NULL_CONVERSION = YES;
				CLANG_WARN_OBJC_LITERAL_CONVERSION = YES;
				CLANG_WARN_OBJC_ROOT_CLASS = YES_ERROR;
				CLANG_WARN_RANGE_LOOP_ANALYSIS = YES;
				CLANG_WARN_STRICT_PROTOTYPES = YES;
				CLANG_WARN_SUSPICIOUS_MOVE = YES;
				CLANG_WARN_UNGUARDED_AVAILABILITY = YES_AGGRESSIVE;
				CLANG_WARN_UNREACHABLE_CODE = YES;
				CLANG_WARN__DUPLICATE_METHOD_MATCH = YES;
				CODE_SIGN_IDENTITY = "iPhone Developer";
				COPY_PHASE_STRIP = NO;
				DEBUG_INFORMATION_FORMAT = dwarf;
				ENABLE_STRICT_OBJC_MSGSEND = YES;
				ENABLE_TESTABILITY = YES;
				GCC_C_LANGUAGE_STANDARD = gnu11;
				GCC_DYNAMIC_NO_PIC = NO;
				GCC_NO_COMMON_BLOCKS = YES;
				GCC_OPTIMIZATION_LEVEL = 0;
				GCC_PREPROCESSOR_DEFINITIONS = (
					"DEBUG=1",
					"$(inherited)",
				);
				GCC_WARN_64_TO_32_BIT_CONVERSION = YES;
				GCC_WARN_ABOUT_RETURN_TYPE = YES_ERROR;
				GCC_WARN_UNDECLARED_SELECTOR = YES;
				GCC_WARN_UNINITIALIZED_AUTOS = YES_AGGRESSIVE;
				GCC_WARN_UNUSED_FUNCTION = YES;
				GCC_WARN_UNUSED_VARIABLE = YES;
				IPHONEOS_DEPLOYMENT_TARGET = 11.0;
				MTL_ENABLE_DEBUG_INFO = YES;
				ONLY_ACTIVE_ARCH = YES;
				SDKROOT = iphoneos;
				SWIFT_ACTIVE_COMPILATION_CONDITIONS = DEBUG;
				SWIFT_OPTIMIZATION_LEVEL = "-Onone";
			};
			name = Debug;
		};
		83D6516E1FD1F5F5000D105F /* Release */ = {
			isa = XCBuildConfiguration;
			buildSettings = {
				ALWAYS_SEARCH_USER_PATHS = NO;
				CLANG_ANALYZER_NONNULL = YES;
				CLANG_ANALYZER_NUMBER_OBJECT_CONVERSION = YES_AGGRESSIVE;
				CLANG_CXX_LANGUAGE_STANDARD = "gnu++14";
				CLANG_CXX_LIBRARY = "libc++";
				CLANG_ENABLE_MODULES = YES;
				CLANG_ENABLE_OBJC_ARC = YES;
				CLANG_WARN_BLOCK_CAPTURE_AUTORELEASING = YES;
				CLANG_WARN_BOOL_CONVERSION = YES;
				CLANG_WARN_COMMA = YES;
				CLANG_WARN_CONSTANT_CONVERSION = YES;
				CLANG_WARN_DIRECT_OBJC_ISA_USAGE = YES_ERROR;
				CLANG_WARN_DOCUMENTATION_COMMENTS = YES;
				CLANG_WARN_EMPTY_BODY = YES;
				CLANG_WARN_ENUM_CONVERSION = YES;
				CLANG_WARN_INFINITE_RECURSION = YES;
				CLANG_WARN_INT_CONVERSION = YES;
				CLANG_WARN_NON_LITERAL_NULL_CONVERSION = YES;
				CLANG_WARN_OBJC_LITERAL_CONVERSION = YES;
				CLANG_WARN_OBJC_ROOT_CLASS = YES_ERROR;
				CLANG_WARN_RANGE_LOOP_ANALYSIS = YES;
				CLANG_WARN_STRICT_PROTOTYPES = YES;
				CLANG_WARN_SUSPICIOUS_MOVE = YES;
				CLANG_WARN_UNGUARDED_AVAILABILITY = YES_AGGRESSIVE;
				CLANG_WARN_UNREACHABLE_CODE = YES;
				CLANG_WARN__DUPLICATE_METHOD_MATCH = YES;
				CODE_SIGN_IDENTITY = "iPhone Developer";
				COPY_PHASE_STRIP = NO;
				DEBUG_INFORMATION_FORMAT = "dwarf-with-dsym";
				ENABLE_NS_ASSERTIONS = NO;
				ENABLE_STRICT_OBJC_MSGSEND = YES;
				GCC_C_LANGUAGE_STANDARD = gnu11;
				GCC_NO_COMMON_BLOCKS = YES;
				GCC_WARN_64_TO_32_BIT_CONVERSION = YES;
				GCC_WARN_ABOUT_RETURN_TYPE = YES_ERROR;
				GCC_WARN_UNDECLARED_SELECTOR = YES;
				GCC_WARN_UNINITIALIZED_AUTOS = YES_AGGRESSIVE;
				GCC_WARN_UNUSED_FUNCTION = YES;
				GCC_WARN_UNUSED_VARIABLE = YES;
				IPHONEOS_DEPLOYMENT_TARGET = 11.0;
				MTL_ENABLE_DEBUG_INFO = NO;
				SDKROOT = iphoneos;
				SWIFT_OPTIMIZATION_LEVEL = "-Owholemodule";
				VALIDATE_PRODUCT = YES;
			};
			name = Release;
		};
		83D651701FD1F5F5000D105F /* Debug */ = {
			isa = XCBuildConfiguration;
			baseConfigurationReference = 30B1C104AEF6A7D6C2326926 /* Pods-RainyShiny.debug.xcconfig */;
			buildSettings = {
				ASSETCATALOG_COMPILER_APPICON_NAME = AppIcon;
				CODE_SIGN_STYLE = Automatic;
				DEVELOPMENT_TEAM = 7444ZHPYLX;
				INFOPLIST_FILE = RainyShiny/Info.plist;
				LD_RUNPATH_SEARCH_PATHS = "$(inherited) @executable_path/Frameworks";
				PRODUCT_BUNDLE_IDENTIFIER = com.sujanth.RainyShiny;
				PRODUCT_NAME = "$(TARGET_NAME)";
				SWIFT_VERSION = 4.0;
				TARGETED_DEVICE_FAMILY = "1,2";
			};
			name = Debug;
		};
		83D651711FD1F5F5000D105F /* Release */ = {
			isa = XCBuildConfiguration;
			baseConfigurationReference = C2F4EBFCF1FE3EA7217807EF /* Pods-RainyShiny.release.xcconfig */;
			buildSettings = {
				ASSETCATALOG_COMPILER_APPICON_NAME = AppIcon;
				CODE_SIGN_STYLE = Automatic;
				DEVELOPMENT_TEAM = 7444ZHPYLX;
				INFOPLIST_FILE = RainyShiny/Info.plist;
				LD_RUNPATH_SEARCH_PATHS = "$(inherited) @executable_path/Frameworks";
				PRODUCT_BUNDLE_IDENTIFIER = com.sujanth.RainyShiny;
				PRODUCT_NAME = "$(TARGET_NAME)";
				SWIFT_VERSION = 4.0;
				TARGETED_DEVICE_FAMILY = "1,2";
			};
			name = Release;
		};
		83D651731FD1F5F5000D105F /* Debug */ = {
			isa = XCBuildConfiguration;
			baseConfigurationReference = D9FF219EA5F4DC373A701DB3 /* Pods-RainyShinyTests.debug.xcconfig */;
			buildSettings = {
				ALWAYS_EMBED_SWIFT_STANDARD_LIBRARIES = YES;
				BUNDLE_LOADER = "$(TEST_HOST)";
				CODE_SIGN_STYLE = Automatic;
				DEVELOPMENT_TEAM = 7444ZHPYLX;
				INFOPLIST_FILE = RainyShinyTests/Info.plist;
				LD_RUNPATH_SEARCH_PATHS = "$(inherited) @executable_path/Frameworks @loader_path/Frameworks";
				PRODUCT_BUNDLE_IDENTIFIER = com.sujanth.RainyShinyTests;
				PRODUCT_NAME = "$(TARGET_NAME)";
				SWIFT_VERSION = 4.0;
				TARGETED_DEVICE_FAMILY = "1,2";
				TEST_HOST = "$(BUILT_PRODUCTS_DIR)/RainyShiny.app/RainyShiny";
			};
			name = Debug;
		};
		83D651741FD1F5F5000D105F /* Release */ = {
			isa = XCBuildConfiguration;
			baseConfigurationReference = 6C9C18A49A5EFF2E682C8FA9 /* Pods-RainyShinyTests.release.xcconfig */;
			buildSettings = {
				ALWAYS_EMBED_SWIFT_STANDARD_LIBRARIES = YES;
				BUNDLE_LOADER = "$(TEST_HOST)";
				CODE_SIGN_STYLE = Automatic;
				DEVELOPMENT_TEAM = 7444ZHPYLX;
				INFOPLIST_FILE = RainyShinyTests/Info.plist;
				LD_RUNPATH_SEARCH_PATHS = "$(inherited) @executable_path/Frameworks @loader_path/Frameworks";
				PRODUCT_BUNDLE_IDENTIFIER = com.sujanth.RainyShinyTests;
				PRODUCT_NAME = "$(TARGET_NAME)";
				SWIFT_VERSION = 4.0;
				TARGETED_DEVICE_FAMILY = "1,2";
				TEST_HOST = "$(BUILT_PRODUCTS_DIR)/RainyShiny.app/RainyShiny";
			};
			name = Release;
		};
		83D651761FD1F5F5000D105F /* Debug */ = {
			isa = XCBuildConfiguration;
			baseConfigurationReference = 66F26723851893099D1197F5 /* Pods-RainyShinyUITests.debug.xcconfig */;
			buildSettings = {
				ALWAYS_EMBED_SWIFT_STANDARD_LIBRARIES = YES;
				CODE_SIGN_STYLE = Automatic;
				DEVELOPMENT_TEAM = 7444ZHPYLX;
				INFOPLIST_FILE = RainyShinyUITests/Info.plist;
				LD_RUNPATH_SEARCH_PATHS = "$(inherited) @executable_path/Frameworks @loader_path/Frameworks";
				PRODUCT_BUNDLE_IDENTIFIER = com.sujanth.RainyShinyUITests;
				PRODUCT_NAME = "$(TARGET_NAME)";
				SWIFT_VERSION = 4.0;
				TARGETED_DEVICE_FAMILY = "1,2";
				TEST_TARGET_NAME = RainyShiny;
			};
			name = Debug;
		};
		83D651771FD1F5F5000D105F /* Release */ = {
			isa = XCBuildConfiguration;
			baseConfigurationReference = C14BE2B1C10255CAAE78D06F /* Pods-RainyShinyUITests.release.xcconfig */;
			buildSettings = {
				ALWAYS_EMBED_SWIFT_STANDARD_LIBRARIES = YES;
				CODE_SIGN_STYLE = Automatic;
				DEVELOPMENT_TEAM = 7444ZHPYLX;
				INFOPLIST_FILE = RainyShinyUITests/Info.plist;
				LD_RUNPATH_SEARCH_PATHS = "$(inherited) @executable_path/Frameworks @loader_path/Frameworks";
				PRODUCT_BUNDLE_IDENTIFIER = com.sujanth.RainyShinyUITests;
				PRODUCT_NAME = "$(TARGET_NAME)";
				SWIFT_VERSION = 4.0;
				TARGETED_DEVICE_FAMILY = "1,2";
				TEST_TARGET_NAME = RainyShiny;
			};
			name = Release;
		};
/* End XCBuildConfiguration section */

/* Begin XCConfigurationList section */
		83D651421FD1F5F5000D105F /* Build configuration list for PBXProject "RainyShiny" */ = {
			isa = XCConfigurationList;
			buildConfigurations = (
				83D6516D1FD1F5F5000D105F /* Debug */,
				83D6516E1FD1F5F5000D105F /* Release */,
			);
			defaultConfigurationIsVisible = 0;
			defaultConfigurationName = Release;
		};
		83D6516F1FD1F5F5000D105F /* Build configuration list for PBXNativeTarget "RainyShiny" */ = {
			isa = XCConfigurationList;
			buildConfigurations = (
				83D651701FD1F5F5000D105F /* Debug */,
				83D651711FD1F5F5000D105F /* Release */,
			);
			defaultConfigurationIsVisible = 0;
			defaultConfigurationName = Release;
		};
		83D651721FD1F5F5000D105F /* Build configuration list for PBXNativeTarget "RainyShinyTests" */ = {
			isa = XCConfigurationList;
			buildConfigurations = (
				83D651731FD1F5F5000D105F /* Debug */,
				83D651741FD1F5F5000D105F /* Release */,
			);
			defaultConfigurationIsVisible = 0;
			defaultConfigurationName = Release;
		};
		83D651751FD1F5F5000D105F /* Build configuration list for PBXNativeTarget "RainyShinyUITests" */ = {
			isa = XCConfigurationList;
			buildConfigurations = (
				83D651761FD1F5F5000D105F /* Debug */,
				83D651771FD1F5F5000D105F /* Release */,
			);
			defaultConfigurationIsVisible = 0;
			defaultConfigurationName = Release;
		};
/* End XCConfigurationList section */
	};
	rootObject = 83D6513F1FD1F5F5000D105F /* Project object */;
}
